
Microsoft Visual Studio Solution File, Format Version 12.00
# Visual Studio Version 17
VisualStudioVersion = 17.3.32811.315
MinimumVisualStudioVersion = 10.0.40219.1
Project("{FAE04EC0-301F-11D3-BF4B-00C04F79EFBC}") = "ActividadS6", "ActividadS6\ActividadS6.csproj", "{6C4D8676-AD4D-4EEC-A4F9-0081278C54FE}"
EndProject
Global
	GlobalSection(SolutionConfigurationPlatforms) = preSolution
		Debug|Any CPU = Debug|Any CPU
		Release|Any CPU = Release|Any CPU
	EndGlobalSection
	GlobalSection(ProjectConfigurationPlatforms) = postSolution
		{6C4D8676-AD4D-4EEC-A4F9-0081278C54FE}.Debug|Any CPU.ActiveCfg = Debug|Any CPU
		{6C4D8676-AD4D-4EEC-A4F9-0081278C54FE}.Debug|Any CPU.Build.0 = Debug|Any CPU
		{6C4D8676-AD4D-4EEC-A4F9-0081278C54FE}.Release|Any CPU.ActiveCfg = Release|Any CPU
		{6C4D8676-AD4D-4EEC-A4F9-0081278C54FE}.Release|Any CPU.Build.0 = Release|Any CPU
	EndGlobalSection
	GlobalSection(SolutionProperties) = preSolution
		HideSolutionNode = FALSE
	EndGlobalSection
	GlobalSection(ExtensibilityGlobals) = postSolution
		SolutionGuid = {3A579CD9-795D-43C5-A8DE-833E49B80C03}
	EndGlobalSection
EndGlobal
