
Microsoft Visual Studio Solution File, Format Version 12.00
# Visual Studio Version 17
VisualStudioVersion = 17.3.32811.315
MinimumVisualStudioVersion = 10.0.40219.1
Project("{FAE04EC0-301F-11D3-BF4B-00C04F79EFBC}") = "ActividadS62", "ActividadS62\ActividadS62.csproj", "{7EBA7DDA-37B2-45C8-80E0-DEA382F7ADBD}"
EndProject
Global
	GlobalSection(SolutionConfigurationPlatforms) = preSolution
		Debug|Any CPU = Debug|Any CPU
		Release|Any CPU = Release|Any CPU
	EndGlobalSection
	GlobalSection(ProjectConfigurationPlatforms) = postSolution
		{7EBA7DDA-37B2-45C8-80E0-DEA382F7ADBD}.Debug|Any CPU.ActiveCfg = Debug|Any CPU
		{7EBA7DDA-37B2-45C8-80E0-DEA382F7ADBD}.Debug|Any CPU.Build.0 = Debug|Any CPU
		{7EBA7DDA-37B2-45C8-80E0-DEA382F7ADBD}.Release|Any CPU.ActiveCfg = Release|Any CPU
		{7EBA7DDA-37B2-45C8-80E0-DEA382F7ADBD}.Release|Any CPU.Build.0 = Release|Any CPU
	EndGlobalSection
	GlobalSection(SolutionProperties) = preSolution
		HideSolutionNode = FALSE
	EndGlobalSection
	GlobalSection(ExtensibilityGlobals) = postSolution
		SolutionGuid = {C2F1A021-E049-4C96-A25A-EC1BB6519BDC}
	EndGlobalSection
EndGlobal
